
Microsoft Visual Studio Solution File, Format Version 12.00
# Visual Studio Version 16
VisualStudioVersion = 16.0.29306.81
MinimumVisualStudioVersion = 10.0.40219.1
Project("{FAE04EC0-301F-11D3-BF4B-00C04F79EFBC}") = "OfflineCacheExample", "OfflineCacheExample\OfflineCacheExample.csproj", "{69121E08-6AD6-4661-A98B-8AB461B0FF7E}"
EndProject
Global
	GlobalSection(SolutionConfigurationPlatforms) = preSolution
		Debug|Any CPU = Debug|Any CPU
		Release|Any CPU = Release|Any CPU
	EndGlobalSection
	GlobalSection(ProjectConfigurationPlatforms) = postSolution
		{69121E08-6AD6-4661-A98B-8AB461B0FF7E}.Debug|Any CPU.ActiveCfg = Debug|Any CPU
		{69121E08-6AD6-4661-A98B-8AB461B0FF7E}.Debug|Any CPU.Build.0 = Debug|Any CPU
		{69121E08-6AD6-4661-A98B-8AB461B0FF7E}.Release|Any CPU.ActiveCfg = Release|Any CPU
		{69121E08-6AD6-4661-A98B-8AB461B0FF7E}.Release|Any CPU.Build.0 = Release|Any CPU
	EndGlobalSection
	GlobalSection(SolutionProperties) = preSolution
		HideSolutionNode = FALSE
	EndGlobalSection
	GlobalSection(ExtensibilityGlobals) = postSolution
		SolutionGuid = {919C9BBA-4699-4DEA-8CD9-F7B5355312B8}
	EndGlobalSection
EndGlobal
